{
  "originHash" : "4219918dc7a4d47062c3778548ff7268e1556755b6ba62e7368849b7835c0d02",
  "pins" : [
    {
      "identity" : "nsfwdetectorkit",
      "kind" : "remoteSourceControl",
      "location" : "https://github.com/mehmettirpan/NSFWDetectorKit",
      "state" : {
        "revision" : "1a52f7d4f495d9494a22e0be0c6ee53903d86931",
        "version" : "1.1.0"
      }
    }
  ],
  "version" : 3
}
